<?xml version="1.0" encoding="utf-8"?>
<Project ToolsVersion="4.0" xmlns="http://schemas.microsoft.com/developer/msbuild/2003">
  <ItemGroup>
    <Filter Include="LegendaryBeetroot">
      <UniqueIdentifier>{44FC42CC-B012-4162-F989-CC8365DF11EA}</UniqueIdentifier>
    </Filter>
  </ItemGroup>
  <ItemGroup>
    <ClInclude Include="src\Beet.h" />
    <ClInclude Include="src\LegendaryBeetroot\Application.h">
      <Filter>LegendaryBeetroot</Filter>
    </ClInclude>
    <ClInclude Include="src\LegendaryBeetroot\Core.h">
      <Filter>LegendaryBeetroot</Filter>
    </ClInclude>
    <ClInclude Include="src\LegendaryBeetroot\Entrypoint.h">
      <Filter>LegendaryBeetroot</Filter>
    </ClInclude>
    <ClInclude Include="src\LegendaryBeetroot\Log.h">
      <Filter>LegendaryBeetroot</Filter>
    </ClInclude>
  </ItemGroup>
  <ItemGroup>
    <ClCompile Include="src\LegendaryBeetroot\Application.cpp">
      <Filter>LegendaryBeetroot</Filter>
    </ClCompile>
    <ClCompile Include="src\LegendaryBeetroot\Log.cpp">
      <Filter>LegendaryBeetroot</Filter>
    </ClCompile>
  </ItemGroup>
</Project>